
Microsoft Visual Studio Solution File, Format Version 12.00
Project("{FAE04EC0-301F-11D3-BF4B-00C04F79EFBC}") = "Lab_1", "Lab_1\Lab_1.csproj", "{66E72502-03D4-4ECD-95E2-CE0F1D31D8B0}"
EndProject
Project("{FAE04EC0-301F-11D3-BF4B-00C04F79EFBC}") = "Lab_1.Domain", "Lab_1.Domain\Lab_1.Domain.csproj", "{0AC84702-D6C2-4566-B98D-FA6F464F1DFE}"
EndProject
Global
	GlobalSection(SolutionConfigurationPlatforms) = preSolution
		Debug|Any CPU = Debug|Any CPU
		Release|Any CPU = Release|Any CPU
	EndGlobalSection
	GlobalSection(ProjectConfigurationPlatforms) = postSolution
		{66E72502-03D4-4ECD-95E2-CE0F1D31D8B0}.Debug|Any CPU.ActiveCfg = Debug|Any CPU
		{66E72502-03D4-4ECD-95E2-CE0F1D31D8B0}.Debug|Any CPU.Build.0 = Debug|Any CPU
		{66E72502-03D4-4ECD-95E2-CE0F1D31D8B0}.Release|Any CPU.ActiveCfg = Release|Any CPU
		{66E72502-03D4-4ECD-95E2-CE0F1D31D8B0}.Release|Any CPU.Build.0 = Release|Any CPU
		{0AC84702-D6C2-4566-B98D-FA6F464F1DFE}.Debug|Any CPU.ActiveCfg = Debug|Any CPU
		{0AC84702-D6C2-4566-B98D-FA6F464F1DFE}.Debug|Any CPU.Build.0 = Debug|Any CPU
		{0AC84702-D6C2-4566-B98D-FA6F464F1DFE}.Release|Any CPU.ActiveCfg = Release|Any CPU
		{0AC84702-D6C2-4566-B98D-FA6F464F1DFE}.Release|Any CPU.Build.0 = Release|Any CPU
	EndGlobalSection
EndGlobal
